
Microsoft Visual Studio Solution File, Format Version 12.00
# Visual Studio Version 17
VisualStudioVersion = 17.14.35906.104
MinimumVisualStudioVersion = 10.0.40219.1
Project("{FAE04EC0-301F-11D3-BF4B-00C04F79EFBC}") = "ModManager", "ModManager\ModManager.csproj", "{2FCA7853-B690-48F3-8873-9918202FF6A7}"
EndProject
Project("{FAE04EC0-301F-11D3-BF4B-00C04F79EFBC}") = "ModMateManager", "ModMateManager\ModMateManager.csproj", "{50EC4A21-235B-4039-A3D3-F02C82D37D7F}"
EndProject
Global
	GlobalSection(SolutionConfigurationPlatforms) = preSolution
		Debug|Any CPU = Debug|Any CPU
		Release|Any CPU = Release|Any CPU
	EndGlobalSection
	GlobalSection(ProjectConfigurationPlatforms) = postSolution
		{2FCA7853-B690-48F3-8873-9918202FF6A7}.Debug|Any CPU.ActiveCfg = Debug|Any CPU
		{2FCA7853-B690-48F3-8873-9918202FF6A7}.Debug|Any CPU.Build.0 = Debug|Any CPU
		{2FCA7853-B690-48F3-8873-9918202FF6A7}.Release|Any CPU.ActiveCfg = Release|Any CPU
		{2FCA7853-B690-48F3-8873-9918202FF6A7}.Release|Any CPU.Build.0 = Release|Any CPU
		{50EC4A21-235B-4039-A3D3-F02C82D37D7F}.Debug|Any CPU.ActiveCfg = Debug|Any CPU
		{50EC4A21-235B-4039-A3D3-F02C82D37D7F}.Debug|Any CPU.Build.0 = Debug|Any CPU
		{50EC4A21-235B-4039-A3D3-F02C82D37D7F}.Release|Any CPU.ActiveCfg = Release|Any CPU
		{50EC4A21-235B-4039-A3D3-F02C82D37D7F}.Release|Any CPU.Build.0 = Release|Any CPU
	EndGlobalSection
	GlobalSection(SolutionProperties) = preSolution
		HideSolutionNode = FALSE
	EndGlobalSection
	GlobalSection(ExtensibilityGlobals) = postSolution
		SolutionGuid = {2F1EFFB8-C268-47C2-9087-F376B3DD1B5D}
	EndGlobalSection
EndGlobal
